
Microsoft Visual Studio Solution File, Format Version 12.00
# Visual Studio Version 17
VisualStudioVersion = 17.10.34928.147
MinimumVisualStudioVersion = 10.0.40219.1
Project("{FAE04EC0-301F-11D3-BF4B-00C04F79EFBC}") = "Server", "Server\Server.csproj", "{EF3EFE7D-DE88-43D2-A64A-AF38968B50AE}"
EndProject
Project("{FAE04EC0-301F-11D3-BF4B-00C04F79EFBC}") = "Client", "Client\Client.csproj", "{388848C9-E2E3-4801-9617-D0F0D4B13FAB}"
EndProject
Project("{FAE04EC0-301F-11D3-BF4B-00C04F79EFBC}") = "BaseLibrary", "BaseLibrary\BaseLibrary.csproj", "{B986D121-A08D-495E-9F03-E7DAEA8DA1C1}"
EndProject
Project("{FAE04EC0-301F-11D3-BF4B-00C04F79EFBC}") = "ClientLibrary", "ClientLibrary\ClientLibrary.csproj", "{C4F014DE-E8E7-43F5-B408-CA1C3BDD14D5}"
EndProject
Project("{FAE04EC0-301F-11D3-BF4B-00C04F79EFBC}") = "ServerLibrary", "ServerLibrary\ServerLibrary.csproj", "{DB5955A9-3EC5-4E6A-A665-B8C2C03AA5AF}"
EndProject
Global
	GlobalSection(SolutionConfigurationPlatforms) = preSolution
		Debug|Any CPU = Debug|Any CPU
		Release|Any CPU = Release|Any CPU
	EndGlobalSection
	GlobalSection(ProjectConfigurationPlatforms) = postSolution
		{EF3EFE7D-DE88-43D2-A64A-AF38968B50AE}.Debug|Any CPU.ActiveCfg = Debug|Any CPU
		{EF3EFE7D-DE88-43D2-A64A-AF38968B50AE}.Debug|Any CPU.Build.0 = Debug|Any CPU
		{EF3EFE7D-DE88-43D2-A64A-AF38968B50AE}.Release|Any CPU.ActiveCfg = Release|Any CPU
		{EF3EFE7D-DE88-43D2-A64A-AF38968B50AE}.Release|Any CPU.Build.0 = Release|Any CPU
		{388848C9-E2E3-4801-9617-D0F0D4B13FAB}.Debug|Any CPU.ActiveCfg = Debug|Any CPU
		{388848C9-E2E3-4801-9617-D0F0D4B13FAB}.Debug|Any CPU.Build.0 = Debug|Any CPU
		{388848C9-E2E3-4801-9617-D0F0D4B13FAB}.Release|Any CPU.ActiveCfg = Release|Any CPU
		{388848C9-E2E3-4801-9617-D0F0D4B13FAB}.Release|Any CPU.Build.0 = Release|Any CPU
		{B986D121-A08D-495E-9F03-E7DAEA8DA1C1}.Debug|Any CPU.ActiveCfg = Debug|Any CPU
		{B986D121-A08D-495E-9F03-E7DAEA8DA1C1}.Debug|Any CPU.Build.0 = Debug|Any CPU
		{B986D121-A08D-495E-9F03-E7DAEA8DA1C1}.Release|Any CPU.ActiveCfg = Release|Any CPU
		{B986D121-A08D-495E-9F03-E7DAEA8DA1C1}.Release|Any CPU.Build.0 = Release|Any CPU
		{C4F014DE-E8E7-43F5-B408-CA1C3BDD14D5}.Debug|Any CPU.ActiveCfg = Debug|Any CPU
		{C4F014DE-E8E7-43F5-B408-CA1C3BDD14D5}.Debug|Any CPU.Build.0 = Debug|Any CPU
		{C4F014DE-E8E7-43F5-B408-CA1C3BDD14D5}.Release|Any CPU.ActiveCfg = Release|Any CPU
		{C4F014DE-E8E7-43F5-B408-CA1C3BDD14D5}.Release|Any CPU.Build.0 = Release|Any CPU
		{DB5955A9-3EC5-4E6A-A665-B8C2C03AA5AF}.Debug|Any CPU.ActiveCfg = Debug|Any CPU
		{DB5955A9-3EC5-4E6A-A665-B8C2C03AA5AF}.Debug|Any CPU.Build.0 = Debug|Any CPU
		{DB5955A9-3EC5-4E6A-A665-B8C2C03AA5AF}.Release|Any CPU.ActiveCfg = Release|Any CPU
		{DB5955A9-3EC5-4E6A-A665-B8C2C03AA5AF}.Release|Any CPU.Build.0 = Release|Any CPU
	EndGlobalSection
	GlobalSection(SolutionProperties) = preSolution
		HideSolutionNode = FALSE
	EndGlobalSection
	GlobalSection(ExtensibilityGlobals) = postSolution
		SolutionGuid = {50530DBA-25DC-4F33-B1BA-F16A8E52A387}
	EndGlobalSection
EndGlobal
